
Microsoft Visual Studio Solution File, Format Version 12.00
# Visual Studio 15
VisualStudioVersion = 15.0.28010.2041
MinimumVisualStudioVersion = 10.0.40219.1
Project("{FAE04EC0-301F-11D3-BF4B-00C04F79EFBC}") = "IvmPKeyViolations", "IvmPKeyViolations\IvmPKeyViolations.csproj", "{DC5602F1-891C-45DE-BF68-E8A7A24413FE}"
EndProject
Global
	GlobalSection(SolutionConfigurationPlatforms) = preSolution
		Debug|Any CPU = Debug|Any CPU
		Release|Any CPU = Release|Any CPU
	EndGlobalSection
	GlobalSection(ProjectConfigurationPlatforms) = postSolution
		{DC5602F1-891C-45DE-BF68-E8A7A24413FE}.Debug|Any CPU.ActiveCfg = Debug|Any CPU
		{DC5602F1-891C-45DE-BF68-E8A7A24413FE}.Debug|Any CPU.Build.0 = Debug|Any CPU
		{DC5602F1-891C-45DE-BF68-E8A7A24413FE}.Release|Any CPU.ActiveCfg = Release|Any CPU
		{DC5602F1-891C-45DE-BF68-E8A7A24413FE}.Release|Any CPU.Build.0 = Release|Any CPU
	EndGlobalSection
	GlobalSection(SolutionProperties) = preSolution
		HideSolutionNode = FALSE
	EndGlobalSection
	GlobalSection(ExtensibilityGlobals) = postSolution
		SolutionGuid = {D6E00DCD-0D36-462B-A804-310108126DE8}
	EndGlobalSection
EndGlobal
